
Microsoft Visual Studio Solution File, Format Version 12.00
# Visual Studio Version 16
VisualStudioVersion = 16.0.31410.357
MinimumVisualStudioVersion = 10.0.40219.1
Project("{9A19103F-16F7-4668-BE54-9A1E7A4F7556}") = "TMS-Logistics.API", "TMS-Logistics.API\TMS-Logistics.API.csproj", "{7C40EEA5-9FB3-498B-AA15-A28753256BDC}"
EndProject
Project("{9A19103F-16F7-4668-BE54-9A1E7A4F7556}") = "TMS-Logistics.Common", "TMS-Logistics.Common\TMS-Logistics.Common.csproj", "{4F4DD1B0-856B-45E3-A224-8E2EF5F836A5}"
EndProject
Project("{9A19103F-16F7-4668-BE54-9A1E7A4F7556}") = "TMS-Logistics.Model", "TMS-Logistics.Model\TMS-Logistics.Model.csproj", "{EDB1C718-E9C9-4370-8383-D804618C2CCC}"
EndProject
Project("{9A19103F-16F7-4668-BE54-9A1E7A4F7556}") = "TMS-Logistics.Repository", "TMS-Logistics.Repository\TMS-Logistics.Repository.csproj", "{7B4B5674-0A22-409F-9009-887C692DF150}"
EndProject
Project("{9A19103F-16F7-4668-BE54-9A1E7A4F7556}") = "TMS-Logistics.IRepository", "TMS-Logistics.IRepository\TMS-Logistics.IRepository.csproj", "{697D8DD7-4CD1-4869-A25B-2A000B46CAD8}"
EndProject
Global
	GlobalSection(SolutionConfigurationPlatforms) = preSolution
		Debug|Any CPU = Debug|Any CPU
		Release|Any CPU = Release|Any CPU
	EndGlobalSection
	GlobalSection(ProjectConfigurationPlatforms) = postSolution
		{7C40EEA5-9FB3-498B-AA15-A28753256BDC}.Debug|Any CPU.ActiveCfg = Debug|Any CPU
		{7C40EEA5-9FB3-498B-AA15-A28753256BDC}.Debug|Any CPU.Build.0 = Debug|Any CPU
		{7C40EEA5-9FB3-498B-AA15-A28753256BDC}.Release|Any CPU.ActiveCfg = Release|Any CPU
		{7C40EEA5-9FB3-498B-AA15-A28753256BDC}.Release|Any CPU.Build.0 = Release|Any CPU
		{4F4DD1B0-856B-45E3-A224-8E2EF5F836A5}.Debug|Any CPU.ActiveCfg = Debug|Any CPU
		{4F4DD1B0-856B-45E3-A224-8E2EF5F836A5}.Debug|Any CPU.Build.0 = Debug|Any CPU
		{4F4DD1B0-856B-45E3-A224-8E2EF5F836A5}.Release|Any CPU.ActiveCfg = Release|Any CPU
		{4F4DD1B0-856B-45E3-A224-8E2EF5F836A5}.Release|Any CPU.Build.0 = Release|Any CPU
		{EDB1C718-E9C9-4370-8383-D804618C2CCC}.Debug|Any CPU.ActiveCfg = Debug|Any CPU
		{EDB1C718-E9C9-4370-8383-D804618C2CCC}.Debug|Any CPU.Build.0 = Debug|Any CPU
		{EDB1C718-E9C9-4370-8383-D804618C2CCC}.Release|Any CPU.ActiveCfg = Release|Any CPU
		{EDB1C718-E9C9-4370-8383-D804618C2CCC}.Release|Any CPU.Build.0 = Release|Any CPU
		{7B4B5674-0A22-409F-9009-887C692DF150}.Debug|Any CPU.ActiveCfg = Debug|Any CPU
		{7B4B5674-0A22-409F-9009-887C692DF150}.Debug|Any CPU.Build.0 = Debug|Any CPU
		{7B4B5674-0A22-409F-9009-887C692DF150}.Release|Any CPU.ActiveCfg = Release|Any CPU
		{7B4B5674-0A22-409F-9009-887C692DF150}.Release|Any CPU.Build.0 = Release|Any CPU
		{697D8DD7-4CD1-4869-A25B-2A000B46CAD8}.Debug|Any CPU.ActiveCfg = Debug|Any CPU
		{697D8DD7-4CD1-4869-A25B-2A000B46CAD8}.Debug|Any CPU.Build.0 = Debug|Any CPU
		{697D8DD7-4CD1-4869-A25B-2A000B46CAD8}.Release|Any CPU.ActiveCfg = Release|Any CPU
		{697D8DD7-4CD1-4869-A25B-2A000B46CAD8}.Release|Any CPU.Build.0 = Release|Any CPU
	EndGlobalSection
	GlobalSection(SolutionProperties) = preSolution
		HideSolutionNode = FALSE
	EndGlobalSection
	GlobalSection(ExtensibilityGlobals) = postSolution
		SolutionGuid = {BF3C0322-1FC8-47D9-9C30-EC40A54AFFAD}
	EndGlobalSection
EndGlobal
